annotated-doc==0.0.4
annotated-types==0.7.0
anyio==4.12.1
beautifulsoup4==4.14.3
black==26.3.1
certifi==2026.2.25
cffi==2.0.0
charset-normalizer==3.4.6
click==8.3.1
colorama==0.4.6
coverage==7.13.5
curl_cffi==0.13.0
Deprecated==1.3.1
fastapi==0.135.1
filelock==3.25.2
frozendict==2.4.7
fsspec==2026.2.0
greenlet==3.3.2
h11==0.16.0
httpcore==1.0.9
httpx==0.28.1
idna==3.11
iniconfig==2.3.0
isort==8.0.1
Jinja2==3.1.6
limits==5.8.0
lxml==6.0.2
MarkupSafe==3.0.3
mpmath==1.3.0
multitasking==0.0.12
mypy_extensions==1.1.0
networkx==3.6.1
numpy==2.4.3
packaging==26.0
pandas==3.0.1
pathspec==1.0.4
-e git+https://github.com/juheo1/pdf_handler.git@6b7ded121f4ae6fc176f5c197eded04794816885#egg=pdf_handler
peewee==4.0.2
platformdirs==4.9.4
pluggy==1.6.0
protobuf==7.34.0
pycparser==3.0
pydantic==2.12.5
pydantic-settings==2.13.1
pydantic_core==2.41.5
Pygments==2.19.2
pypdf==6.9.2
PySide6==6.11.0
PySide6_Addons==6.11.0
PySide6_Essentials==6.11.0
pytest==9.0.2
pytest-cov==7.1.0
pytest-qt==4.5.0
python-dateutil==2.9.0.post0
python-docx==1.2.0
python-dotenv==1.2.2
pytokens==0.4.1
pytz==2026.1.post1
requests==2.32.5
ruff==0.15.8
setuptools==70.2.0
shiboken6==6.11.0
six==1.17.0
slowapi==0.1.9
soupsieve==2.8.3
SQLAlchemy==2.0.48
starlette==0.52.1
sympy==1.14.0
torch==2.11.0+cu126
torchaudio==2.11.0+cu126
typing-inspection==0.4.2
typing_extensions==4.15.0
tzdata==2025.3
urllib3==2.6.3
vaderSentiment==3.3.2
websockets==16.0
wheel==0.42.0
wrapt==2.1.2
yfinance==1.2.0
